// !$*UTF8*$!
{
	archiveVersion = 1;
	classes = {
	};
	objectVersion = 50;
	objects = {

/* Begin PBXBuildFile section */
		001AF3F621A5AC7C0046E4DE /* BaseShowBarViewController.m in Sources */ = {isa = PBXBuildFile; fileRef = 001AF3F421A5AC7B0046E4DE /* BaseShowBarViewController.m */; };
		0025DCE721A313F700227A0E /* CircleViewController.m in Sources */ = {isa = PBXBuildFile; fileRef = 0025DCE621A313F700227A0E /* CircleViewController.m */; };
		0025DCEB21A314BE00227A0E /* AddViewController.m in Sources */ = {isa = PBXBuildFile; fileRef = 0025DCEA21A314BE00227A0E /* AddViewController.m */; };
		0025DCEF21A3238700227A0E /* BaseHiddenBarViewController.m in Sources */ = {isa = PBXBuildFile; fileRef = 0025DCEE21A3238700227A0E /* BaseHiddenBarViewController.m */; };
		0026C97D21AEE77D0025E89E /* NSMutableAttributedString+Extension.m in Sources */ = {isa = PBXBuildFile; fileRef = 0026C97C21AEE77D0025E89E /* NSMutableAttributedString+Extension.m */; };
		D70847FD21ACF79200EDCEA9 /* MainLoginViewController.m in Sources */ = {isa = PBXBuildFile; fileRef = D70847FC21ACF79200EDCEA9 /* MainLoginViewController.m */; };
		D72224EA21A253EB00278111 /* AppDelegate.m in Sources */ = {isa = PBXBuildFile; fileRef = D72224E921A253EB00278111 /* AppDelegate.m */; };
		D72224F021A253EB00278111 /* Main.storyboard in Resources */ = {isa = PBXBuildFile; fileRef = D72224EE21A253EB00278111 /* Main.storyboard */; };
		D72224F221A253EC00278111 /* Assets.xcassets in Resources */ = {isa = PBXBuildFile; fileRef = D72224F121A253EC00278111 /* Assets.xcassets */; };
		D72224F521A253EC00278111 /* LaunchScreen.storyboard in Resources */ = {isa = PBXBuildFile; fileRef = D72224F321A253EC00278111 /* LaunchScreen.storyboard */; };
		D72224F821A253EC00278111 /* main.m in Sources */ = {isa = PBXBuildFile; fileRef = D72224F721A253EC00278111 /* main.m */; };
		D722265521A2578F00278111 /* UIView+Frame.m in Sources */ = {isa = PBXBuildFile; fileRef = D722263621A2578E00278111 /* UIView+Frame.m */; };
		D722265621A2578F00278111 /* UILabel+label.m in Sources */ = {isa = PBXBuildFile; fileRef = D722263721A2578E00278111 /* UILabel+label.m */; };
		D722265721A2578F00278111 /* NSDate+UMExtensions.m in Sources */ = {isa = PBXBuildFile; fileRef = D722263A21A2578E00278111 /* NSDate+UMExtensions.m */; };
		D722265821A2578F00278111 /* UIView+Cornor.m in Sources */ = {isa = PBXBuildFile; fileRef = D722263C21A2578E00278111 /* UIView+Cornor.m */; };
		D722265921A2578F00278111 /* NoHighlightButton.m in Sources */ = {isa = PBXBuildFile; fileRef = D722263E21A2578E00278111 /* NoHighlightButton.m */; };
		D722265A21A2578F00278111 /* NSMutableArray+Extension.m in Sources */ = {isa = PBXBuildFile; fileRef = D722263F21A2578E00278111 /* NSMutableArray+Extension.m */; };
		D722265B21A2578F00278111 /* UITableViewCell+UMReusable.m in Sources */ = {isa = PBXBuildFile; fileRef = D722264121A2578E00278111 /* UITableViewCell+UMReusable.m */; };
		D722265C21A2578F00278111 /* FileCacheManager.m in Sources */ = {isa = PBXBuildFile; fileRef = D722264321A2578E00278111 /* FileCacheManager.m */; };
		D722265D21A2578F00278111 /* UIBarButtonItem+ImageTitleItem.m in Sources */ = {isa = PBXBuildFile; fileRef = D722264421A2578E00278111 /* UIBarButtonItem+ImageTitleItem.m */; };
		D722265E21A2578F00278111 /* UMTimeStamp.m in Sources */ = {isa = PBXBuildFile; fileRef = D722264921A2578E00278111 /* UMTimeStamp.m */; };
		D722266021A2578F00278111 /* UITextView+Placeholder.m in Sources */ = {isa = PBXBuildFile; fileRef = D722264C21A2578E00278111 /* UITextView+Placeholder.m */; };
		D722266121A2578F00278111 /* UILabel+Copy.m in Sources */ = {isa = PBXBuildFile; fileRef = D722264D21A2578E00278111 /* UILabel+Copy.m */; };
		D722266321A2578F00278111 /* NSData+UMExtensions.m in Sources */ = {isa = PBXBuildFile; fileRef = D722265221A2578F00278111 /* NSData+UMExtensions.m */; };
		D722266421A2578F00278111 /* NSString+UMExtensions.m in Sources */ = {isa = PBXBuildFile; fileRef = D722265421A2578F00278111 /* NSString+UMExtensions.m */; };
		D722266E21A293D700278111 /* HomeViewController.m in Sources */ = {isa = PBXBuildFile; fileRef = D722266D21A293D700278111 /* HomeViewController.m */; };
		D722267221A293F800278111 /* MeViewController.m in Sources */ = {isa = PBXBuildFile; fileRef = D722267121A293F800278111 /* MeViewController.m */; };
		D722267621A29A8600278111 /* UIMainConstructor.m in Sources */ = {isa = PBXBuildFile; fileRef = D722267421A29A8600278111 /* UIMainConstructor.m */; };
		D7986B2421AF9DDC00AA0BA3 /* BaseRemindView.m in Sources */ = {isa = PBXBuildFile; fileRef = D7986B2321AF9DDC00AA0BA3 /* BaseRemindView.m */; };
		D798701D21B0EBB400AA0BA3 /* BaseLoading.m in Sources */ = {isa = PBXBuildFile; fileRef = D798701B21B0EBB400AA0BA3 /* BaseLoading.m */; };
		D7C218CA21A41A6A009458C2 /* HttpRequest.m in Sources */ = {isa = PBXBuildFile; fileRef = D7C218C821A41A6A009458C2 /* HttpRequest.m */; };
		D7D8355A21B112ED000FE4DD /* FindViewController.m in Sources */ = {isa = PBXBuildFile; fileRef = D7D8355921B112ED000FE4DD /* FindViewController.m */; };
		E4C4D678750F988E2075F88F /* libPods-QCLC.a in Frameworks */ = {isa = PBXBuildFile; fileRef = 0F38DD4694CE79059BFA447C /* libPods-QCLC.a */; };
/* End PBXBuildFile section */

/* Begin PBXCopyFilesBuildPhase section */
		D70987EF21EC7D2000409F5F /* Embed Frameworks */ = {
			isa = PBXCopyFilesBuildPhase;
			buildActionMask = 2147483647;
			dstPath = "";
			dstSubfolderSpec = 10;
			files = (
			);
			name = "Embed Frameworks";
			runOnlyForDeploymentPostprocessing = 0;
		};
/* End PBXCopyFilesBuildPhase section */

/* Begin PBXFileReference section */
		001AF3F421A5AC7B0046E4DE /* BaseShowBarViewController.m */ = {isa = PBXFileReference; fileEncoding = 4; lastKnownFileType = sourcecode.c.objc; path = BaseShowBarViewController.m; sourceTree = "<group>"; };
		001AF3F521A5AC7C0046E4DE /* BaseShowBarViewController.h */ = {isa = PBXFileReference; fileEncoding = 4; lastKnownFileType = sourcecode.c.h; path = BaseShowBarViewController.h; sourceTree = "<group>"; };
		0025DCE521A313F700227A0E /* CircleViewController.h */ = {isa = PBXFileReference; lastKnownFileType = sourcecode.c.h; path = CircleViewController.h; sourceTree = "<group>"; };
		0025DCE621A313F700227A0E /* CircleViewController.m */ = {isa = PBXFileReference; lastKnownFileType = sourcecode.c.objc; path = CircleViewController.m; sourceTree = "<group>"; };
		0025DCE921A314BE00227A0E /* AddViewController.h */ = {isa = PBXFileReference; lastKnownFileType = sourcecode.c.h; path = AddViewController.h; sourceTree = "<group>"; };
		0025DCEA21A314BE00227A0E /* AddViewController.m */ = {isa = PBXFileReference; lastKnownFileType = sourcecode.c.objc; path = AddViewController.m; sourceTree = "<group>"; };
		0025DCED21A3238700227A0E /* BaseHiddenBarViewController.h */ = {isa = PBXFileReference; lastKnownFileType = sourcecode.c.h; path = BaseHiddenBarViewController.h; sourceTree = "<group>"; };
		0025DCEE21A3238700227A0E /* BaseHiddenBarViewController.m */ = {isa = PBXFileReference; lastKnownFileType = sourcecode.c.objc; path = BaseHiddenBarViewController.m; sourceTree = "<group>"; };
		0026C97B21AEE77D0025E89E /* NSMutableAttributedString+Extension.h */ = {isa = PBXFileReference; lastKnownFileType = sourcecode.c.h; path = "NSMutableAttributedString+Extension.h"; sourceTree = "<group>"; };
		0026C97C21AEE77D0025E89E /* NSMutableAttributedString+Extension.m */ = {isa = PBXFileReference; lastKnownFileType = sourcecode.c.objc; path = "NSMutableAttributedString+Extension.m"; sourceTree = "<group>"; };
		09C6A90CBFA7A6550E0A9CD8 /* Pods-ENGLISH.debug.xcconfig */ = {isa = PBXFileReference; includeInIndex = 1; lastKnownFileType = text.xcconfig; name = "Pods-ENGLISH.debug.xcconfig"; path = "Pods/Target Support Files/Pods-ENGLISH/Pods-ENGLISH.debug.xcconfig"; sourceTree = "<group>"; };
		0F38DD4694CE79059BFA447C /* libPods-QCLC.a */ = {isa = PBXFileReference; explicitFileType = archive.ar; includeInIndex = 0; path = "libPods-QCLC.a"; sourceTree = BUILT_PRODUCTS_DIR; };
		256C3D3D556D446AF8963A0D /* Pods-QCLC.release.xcconfig */ = {isa = PBXFileReference; includeInIndex = 1; lastKnownFileType = text.xcconfig; name = "Pods-QCLC.release.xcconfig"; path = "Pods/Target Support Files/Pods-QCLC/Pods-QCLC.release.xcconfig"; sourceTree = "<group>"; };
		89109B94D3B8E64738812B44 /* libPods-ENGLISH.a */ = {isa = PBXFileReference; explicitFileType = archive.ar; includeInIndex = 0; path = "libPods-ENGLISH.a"; sourceTree = BUILT_PRODUCTS_DIR; };
		90F4D66DC517543280C2111F /* Pods-ENGLISH.release.xcconfig */ = {isa = PBXFileReference; includeInIndex = 1; lastKnownFileType = text.xcconfig; name = "Pods-ENGLISH.release.xcconfig"; path = "Pods/Target Support Files/Pods-ENGLISH/Pods-ENGLISH.release.xcconfig"; sourceTree = "<group>"; };
		A87B2951DE2BD0BC7EB94472 /* Pods-LiveOfBeiJing.release.xcconfig */ = {isa = PBXFileReference; includeInIndex = 1; lastKnownFileType = text.xcconfig; name = "Pods-LiveOfBeiJing.release.xcconfig"; path = "Pods/Target Support Files/Pods-LiveOfBeiJing/Pods-LiveOfBeiJing.release.xcconfig"; sourceTree = "<group>"; };
		BFE6B2A01BA9A0EB65A4681D /* libPods-LiveOfBeiJing.a */ = {isa = PBXFileReference; explicitFileType = archive.ar; includeInIndex = 0; path = "libPods-LiveOfBeiJing.a"; sourceTree = BUILT_PRODUCTS_DIR; };
		D0BABD5B8140E84C2326F7C4 /* Pods-LiveOfBeiJing.debug.xcconfig */ = {isa = PBXFileReference; includeInIndex = 1; lastKnownFileType = text.xcconfig; name = "Pods-LiveOfBeiJing.debug.xcconfig"; path = "Pods/Target Support Files/Pods-LiveOfBeiJing/Pods-LiveOfBeiJing.debug.xcconfig"; sourceTree = "<group>"; };
		D370694C41098CFC77EBD08C /* Pods-QCLC.debug.xcconfig */ = {isa = PBXFileReference; includeInIndex = 1; lastKnownFileType = text.xcconfig; name = "Pods-QCLC.debug.xcconfig"; path = "Pods/Target Support Files/Pods-QCLC/Pods-QCLC.debug.xcconfig"; sourceTree = "<group>"; };
		D70847FB21ACF79200EDCEA9 /* MainLoginViewController.h */ = {isa = PBXFileReference; lastKnownFileType = sourcecode.c.h; path = MainLoginViewController.h; sourceTree = "<group>"; };
		D70847FC21ACF79200EDCEA9 /* MainLoginViewController.m */ = {isa = PBXFileReference; lastKnownFileType = sourcecode.c.objc; path = MainLoginViewController.m; sourceTree = "<group>"; };
		D70987EC21EC7BE200409F5F /* ENGLISH.entitlements */ = {isa = PBXFileReference; lastKnownFileType = text.plist.entitlements; path = ENGLISH.entitlements; sourceTree = "<group>"; };
		D72224E521A253EA00278111 /* QICIFutures.app */ = {isa = PBXFileReference; explicitFileType = wrapper.application; includeInIndex = 0; path = QICIFutures.app; sourceTree = BUILT_PRODUCTS_DIR; };
		D72224E821A253EB00278111 /* AppDelegate.h */ = {isa = PBXFileReference; lastKnownFileType = sourcecode.c.h; path = AppDelegate.h; sourceTree = "<group>"; };
		D72224E921A253EB00278111 /* AppDelegate.m */ = {isa = PBXFileReference; lastKnownFileType = sourcecode.c.objc; path = AppDelegate.m; sourceTree = "<group>"; };
		D72224EF21A253EB00278111 /* Base */ = {isa = PBXFileReference; lastKnownFileType = file.storyboard; name = Base; path = Base.lproj/Main.storyboard; sourceTree = "<group>"; };
		D72224F121A253EC00278111 /* Assets.xcassets */ = {isa = PBXFileReference; lastKnownFileType = folder.assetcatalog; path = Assets.xcassets; sourceTree = "<group>"; };
		D72224F421A253EC00278111 /* Base */ = {isa = PBXFileReference; lastKnownFileType = file.storyboard; name = Base; path = Base.lproj/LaunchScreen.storyboard; sourceTree = "<group>"; };
		D72224F621A253EC00278111 /* Info.plist */ = {isa = PBXFileReference; lastKnownFileType = text.plist.xml; path = Info.plist; sourceTree = "<group>"; };
		D72224F721A253EC00278111 /* main.m */ = {isa = PBXFileReference; lastKnownFileType = sourcecode.c.objc; path = main.m; sourceTree = "<group>"; };
		D72225D721A254E200278111 /* PrefixHeader.pch */ = {isa = PBXFileReference; fileEncoding = 4; lastKnownFileType = sourcecode.c.h; path = PrefixHeader.pch; sourceTree = "<group>"; };
		D72225DC21A254E200278111 /* DefinePrefixHeader.pch */ = {isa = PBXFileReference; fileEncoding = 4; lastKnownFileType = sourcecode.c.h; path = DefinePrefixHeader.pch; sourceTree = "<group>"; };
		D722263521A2578E00278111 /* FileCacheManager.h */ = {isa = PBXFileReference; fileEncoding = 4; lastKnownFileType = sourcecode.c.h; path = FileCacheManager.h; sourceTree = "<group>"; };
		D722263621A2578E00278111 /* UIView+Frame.m */ = {isa = PBXFileReference; fileEncoding = 4; lastKnownFileType = sourcecode.c.objc; path = "UIView+Frame.m"; sourceTree = "<group>"; };
		D722263721A2578E00278111 /* UILabel+label.m */ = {isa = PBXFileReference; fileEncoding = 4; lastKnownFileType = sourcecode.c.objc; path = "UILabel+label.m"; sourceTree = "<group>"; };
		D722263821A2578E00278111 /* NSMutableArray+Extension.h */ = {isa = PBXFileReference; fileEncoding = 4; lastKnownFileType = sourcecode.c.h; path = "NSMutableArray+Extension.h"; sourceTree = "<group>"; };
		D722263921A2578E00278111 /* NSString+UMExtensions.h */ = {isa = PBXFileReference; fileEncoding = 4; lastKnownFileType = sourcecode.c.h; path = "NSString+UMExtensions.h"; sourceTree = "<group>"; };
		D722263A21A2578E00278111 /* NSDate+UMExtensions.m */ = {isa = PBXFileReference; fileEncoding = 4; lastKnownFileType = sourcecode.c.objc; path = "NSDate+UMExtensions.m"; sourceTree = "<group>"; };
		D722263B21A2578E00278111 /* UILabel+label.h */ = {isa = PBXFileReference; fileEncoding = 4; lastKnownFileType = sourcecode.c.h; path = "UILabel+label.h"; sourceTree = "<group>"; };
		D722263C21A2578E00278111 /* UIView+Cornor.m */ = {isa = PBXFileReference; fileEncoding = 4; lastKnownFileType = sourcecode.c.objc; path = "UIView+Cornor.m"; sourceTree = "<group>"; };
		D722263E21A2578E00278111 /* NoHighlightButton.m */ = {isa = PBXFileReference; fileEncoding = 4; lastKnownFileType = sourcecode.c.objc; path = NoHighlightButton.m; sourceTree = "<group>"; };
		D722263F21A2578E00278111 /* NSMutableArray+Extension.m */ = {isa = PBXFileReference; fileEncoding = 4; lastKnownFileType = sourcecode.c.objc; path = "NSMutableArray+Extension.m"; sourceTree = "<group>"; };
		D722264121A2578E00278111 /* UITableViewCell+UMReusable.m */ = {isa = PBXFileReference; fileEncoding = 4; lastKnownFileType = sourcecode.c.objc; path = "UITableViewCell+UMReusable.m"; sourceTree = "<group>"; };
		D722264221A2578E00278111 /* UITextView+Placeholder.h */ = {isa = PBXFileReference; fileEncoding = 4; lastKnownFileType = sourcecode.c.h; path = "UITextView+Placeholder.h"; sourceTree = "<group>"; };
		D722264321A2578E00278111 /* FileCacheManager.m */ = {isa = PBXFileReference; fileEncoding = 4; lastKnownFileType = sourcecode.c.objc; path = FileCacheManager.m; sourceTree = "<group>"; };
		D722264421A2578E00278111 /* UIBarButtonItem+ImageTitleItem.m */ = {isa = PBXFileReference; fileEncoding = 4; lastKnownFileType = sourcecode.c.objc; path = "UIBarButtonItem+ImageTitleItem.m"; sourceTree = "<group>"; };
		D722264521A2578E00278111 /* NSDate+UMExtensions.h */ = {isa = PBXFileReference; fileEncoding = 4; lastKnownFileType = sourcecode.c.h; path = "NSDate+UMExtensions.h"; sourceTree = "<group>"; };
		D722264621A2578E00278111 /* UITableViewCell+UMReusable.h */ = {isa = PBXFileReference; fileEncoding = 4; lastKnownFileType = sourcecode.c.h; path = "UITableViewCell+UMReusable.h"; sourceTree = "<group>"; };
		D722264721A2578E00278111 /* UIBarButtonItem+ImageTitleItem.h */ = {isa = PBXFileReference; fileEncoding = 4; lastKnownFileType = sourcecode.c.h; path = "UIBarButtonItem+ImageTitleItem.h"; sourceTree = "<group>"; };
		D722264821A2578E00278111 /* NSData+UMExtensions.h */ = {isa = PBXFileReference; fileEncoding = 4; lastKnownFileType = sourcecode.c.h; path = "NSData+UMExtensions.h"; sourceTree = "<group>"; };
		D722264921A2578E00278111 /* UMTimeStamp.m */ = {isa = PBXFileReference; fileEncoding = 4; lastKnownFileType = sourcecode.c.objc; path = UMTimeStamp.m; sourceTree = "<group>"; };
		D722264A21A2578E00278111 /* NoHighlightButton.h */ = {isa = PBXFileReference; fileEncoding = 4; lastKnownFileType = sourcecode.c.h; path = NoHighlightButton.h; sourceTree = "<group>"; };
		D722264C21A2578E00278111 /* UITextView+Placeholder.m */ = {isa = PBXFileReference; fileEncoding = 4; lastKnownFileType = sourcecode.c.objc; path = "UITextView+Placeholder.m"; sourceTree = "<group>"; };
		D722264D21A2578E00278111 /* UILabel+Copy.m */ = {isa = PBXFileReference; fileEncoding = 4; lastKnownFileType = sourcecode.c.objc; path = "UILabel+Copy.m"; sourceTree = "<group>"; };
		D722264E21A2578F00278111 /* UILabel+Copy.h */ = {isa = PBXFileReference; fileEncoding = 4; lastKnownFileType = sourcecode.c.h; path = "UILabel+Copy.h"; sourceTree = "<group>"; };
		D722264F21A2578F00278111 /* UIView+Frame.h */ = {isa = PBXFileReference; fileEncoding = 4; lastKnownFileType = sourcecode.c.h; path = "UIView+Frame.h"; sourceTree = "<group>"; };
		D722265121A2578F00278111 /* UMTimeStamp.h */ = {isa = PBXFileReference; fileEncoding = 4; lastKnownFileType = sourcecode.c.h; path = UMTimeStamp.h; sourceTree = "<group>"; };
		D722265221A2578F00278111 /* NSData+UMExtensions.m */ = {isa = PBXFileReference; fileEncoding = 4; lastKnownFileType = sourcecode.c.objc; path = "NSData+UMExtensions.m"; sourceTree = "<group>"; };
		D722265321A2578F00278111 /* UIView+Cornor.h */ = {isa = PBXFileReference; fileEncoding = 4; lastKnownFileType = sourcecode.c.h; path = "UIView+Cornor.h"; sourceTree = "<group>"; };
		D722265421A2578F00278111 /* NSString+UMExtensions.m */ = {isa = PBXFileReference; fileEncoding = 4; lastKnownFileType = sourcecode.c.objc; path = "NSString+UMExtensions.m"; sourceTree = "<group>"; };
		D722266521A2615C00278111 /* libPods-LiveOfBeiJing.a */ = {isa = PBXFileReference; explicitFileType = archive.ar; path = "libPods-LiveOfBeiJing.a"; sourceTree = BUILT_PRODUCTS_DIR; };
		D722266721A2897600278111 /* libPods-LiveOfBeiJing.a */ = {isa = PBXFileReference; explicitFileType = archive.ar; path = "libPods-LiveOfBeiJing.a"; sourceTree = BUILT_PRODUCTS_DIR; };
		D722266921A28A5000278111 /* libPods-LiveOfBeiJing.a */ = {isa = PBXFileReference; explicitFileType = archive.ar; path = "libPods-LiveOfBeiJing.a"; sourceTree = BUILT_PRODUCTS_DIR; };
		D722266C21A293D700278111 /* HomeViewController.h */ = {isa = PBXFileReference; lastKnownFileType = sourcecode.c.h; path = HomeViewController.h; sourceTree = "<group>"; };
		D722266D21A293D700278111 /* HomeViewController.m */ = {isa = PBXFileReference; lastKnownFileType = sourcecode.c.objc; path = HomeViewController.m; sourceTree = "<group>"; };
		D722267021A293F800278111 /* MeViewController.h */ = {isa = PBXFileReference; lastKnownFileType = sourcecode.c.h; path = MeViewController.h; sourceTree = "<group>"; };
		D722267121A293F800278111 /* MeViewController.m */ = {isa = PBXFileReference; lastKnownFileType = sourcecode.c.objc; path = MeViewController.m; sourceTree = "<group>"; };
		D722267421A29A8600278111 /* UIMainConstructor.m */ = {isa = PBXFileReference; fileEncoding = 4; lastKnownFileType = sourcecode.c.objc; path = UIMainConstructor.m; sourceTree = "<group>"; };
		D722267521A29A8600278111 /* UIMainConstructor.h */ = {isa = PBXFileReference; fileEncoding = 4; lastKnownFileType = sourcecode.c.h; path = UIMainConstructor.h; sourceTree = "<group>"; };
		D7986B2221AF9DDC00AA0BA3 /* BaseRemindView.h */ = {isa = PBXFileReference; lastKnownFileType = sourcecode.c.h; path = BaseRemindView.h; sourceTree = "<group>"; };
		D7986B2321AF9DDC00AA0BA3 /* BaseRemindView.m */ = {isa = PBXFileReference; lastKnownFileType = sourcecode.c.objc; path = BaseRemindView.m; sourceTree = "<group>"; };
		D798701B21B0EBB400AA0BA3 /* BaseLoading.m */ = {isa = PBXFileReference; fileEncoding = 4; lastKnownFileType = sourcecode.c.objc; path = BaseLoading.m; sourceTree = "<group>"; };
		D798701C21B0EBB400AA0BA3 /* BaseLoading.h */ = {isa = PBXFileReference; fileEncoding = 4; lastKnownFileType = sourcecode.c.h; path = BaseLoading.h; sourceTree = "<group>"; };
		D7C218C821A41A6A009458C2 /* HttpRequest.m */ = {isa = PBXFileReference; fileEncoding = 4; lastKnownFileType = sourcecode.c.objc; path = HttpRequest.m; sourceTree = "<group>"; };
		D7C218C921A41A6A009458C2 /* HttpRequest.h */ = {isa = PBXFileReference; fileEncoding = 4; lastKnownFileType = sourcecode.c.h; path = HttpRequest.h; sourceTree = "<group>"; };
		D7D8355821B112ED000FE4DD /* FindViewController.h */ = {isa = PBXFileReference; lastKnownFileType = sourcecode.c.h; path = FindViewController.h; sourceTree = "<group>"; };
		D7D8355921B112ED000FE4DD /* FindViewController.m */ = {isa = PBXFileReference; lastKnownFileType = sourcecode.c.objc; path = FindViewController.m; sourceTree = "<group>"; };
/* End PBXFileReference section */

/* Begin PBXFrameworksBuildPhase section */
		D72224E221A253EA00278111 /* Frameworks */ = {
			isa = PBXFrameworksBuildPhase;
			buildActionMask = 2147483647;
			files = (
				E4C4D678750F988E2075F88F /* libPods-QCLC.a in Frameworks */,
			);
			runOnlyForDeploymentPostprocessing = 0;
		};
/* End PBXFrameworksBuildPhase section */

/* Begin PBXGroup section */
		0025DCE021A312D500227A0E /* Find */ = {
			isa = PBXGroup;
			children = (
				D7D8355821B112ED000FE4DD /* FindViewController.h */,
				D7D8355921B112ED000FE4DD /* FindViewController.m */,
			);
			path = Find;
			sourceTree = "<group>";
		};
		0025DCE421A313A300227A0E /* Circle */ = {
			isa = PBXGroup;
			children = (
				0025DCE521A313F700227A0E /* CircleViewController.h */,
				0025DCE621A313F700227A0E /* CircleViewController.m */,
			);
			path = Circle;
			sourceTree = "<group>";
		};
		0025DCE821A314B200227A0E /* Add */ = {
			isa = PBXGroup;
			children = (
				0025DCE921A314BE00227A0E /* AddViewController.h */,
				0025DCEA21A314BE00227A0E /* AddViewController.m */,
			);
			path = Add;
			sourceTree = "<group>";
		};
		0025DCEC21A3234300227A0E /* Base */ = {
			isa = PBXGroup;
			children = (
				001AF3F521A5AC7C0046E4DE /* BaseShowBarViewController.h */,
				001AF3F421A5AC7B0046E4DE /* BaseShowBarViewController.m */,
				0025DCED21A3238700227A0E /* BaseHiddenBarViewController.h */,
				0025DCEE21A3238700227A0E /* BaseHiddenBarViewController.m */,
			);
			path = Base;
			sourceTree = "<group>";
		};
		4D447A0D76C7B44295A1AA7D /* Frameworks */ = {
			isa = PBXGroup;
			children = (
				D722266921A28A5000278111 /* libPods-LiveOfBeiJing.a */,
				D722266721A2897600278111 /* libPods-LiveOfBeiJing.a */,
				D722266521A2615C00278111 /* libPods-LiveOfBeiJing.a */,
				BFE6B2A01BA9A0EB65A4681D /* libPods-LiveOfBeiJing.a */,
				89109B94D3B8E64738812B44 /* libPods-ENGLISH.a */,
				0F38DD4694CE79059BFA447C /* libPods-QCLC.a */,
			);
			name = Frameworks;
			sourceTree = "<group>";
		};
		BD590EEBD90B4B0F4E1515C5 /* Pods */ = {
			isa = PBXGroup;
			children = (
				D0BABD5B8140E84C2326F7C4 /* Pods-LiveOfBeiJing.debug.xcconfig */,
				A87B2951DE2BD0BC7EB94472 /* Pods-LiveOfBeiJing.release.xcconfig */,
				09C6A90CBFA7A6550E0A9CD8 /* Pods-ENGLISH.debug.xcconfig */,
				90F4D66DC517543280C2111F /* Pods-ENGLISH.release.xcconfig */,
				D370694C41098CFC77EBD08C /* Pods-QCLC.debug.xcconfig */,
				256C3D3D556D446AF8963A0D /* Pods-QCLC.release.xcconfig */,
			);
			name = Pods;
			sourceTree = "<group>";
		};
		D70847FA21ACF3DE00EDCEA9 /* Login */ = {
			isa = PBXGroup;
			children = (
				D70847FB21ACF79200EDCEA9 /* MainLoginViewController.h */,
				D70847FC21ACF79200EDCEA9 /* MainLoginViewController.m */,
			);
			path = Login;
			sourceTree = "<group>";
		};
		D70987E321EC7B9E00409F5F /* Other */ = {
			isa = PBXGroup;
			children = (
			);
			path = Other;
			sourceTree = "<group>";
		};
		D72224DC21A253EA00278111 = {
			isa = PBXGroup;
			children = (
				D70987EC21EC7BE200409F5F /* ENGLISH.entitlements */,
				D72224E721A253EA00278111 /* LiveOfBeiJing */,
				D72224E621A253EA00278111 /* Products */,
				BD590EEBD90B4B0F4E1515C5 /* Pods */,
				4D447A0D76C7B44295A1AA7D /* Frameworks */,
			);
			sourceTree = "<group>";
		};
		D72224E621A253EA00278111 /* Products */ = {
			isa = PBXGroup;
			children = (
				D72224E521A253EA00278111 /* QICIFutures.app */,
			);
			name = Products;
			sourceTree = "<group>";
		};
		D72224E721A253EA00278111 /* LiveOfBeiJing */ = {
			isa = PBXGroup;
			children = (
				D72224E821A253EB00278111 /* AppDelegate.h */,
				D72224E921A253EB00278111 /* AppDelegate.m */,
				D70987E321EC7B9E00409F5F /* Other */,
				D70847FA21ACF3DE00EDCEA9 /* Login */,
				0025DCE821A314B200227A0E /* Add */,
				0025DCE421A313A300227A0E /* Circle */,
				0025DCE021A312D500227A0E /* Find */,
				D722266F21A293DF00278111 /* Me */,
				D722266B21A292E800278111 /* Home */,
				D722252F21A254E200278111 /* Util */,
				D72224FE21A254BE00278111 /* Category */,
				D72224EE21A253EB00278111 /* Main.storyboard */,
				D72224F121A253EC00278111 /* Assets.xcassets */,
				D72224F321A253EC00278111 /* LaunchScreen.storyboard */,
				D72224F621A253EC00278111 /* Info.plist */,
				D72224F721A253EC00278111 /* main.m */,
			);
			path = LiveOfBeiJing;
			sourceTree = "<group>";
		};
		D72224FE21A254BE00278111 /* Category */ = {
			isa = PBXGroup;
			children = (
				D722263521A2578E00278111 /* FileCacheManager.h */,
				D722264321A2578E00278111 /* FileCacheManager.m */,
				D722264A21A2578E00278111 /* NoHighlightButton.h */,
				D722263E21A2578E00278111 /* NoHighlightButton.m */,
				D722264821A2578E00278111 /* NSData+UMExtensions.h */,
				D722265221A2578F00278111 /* NSData+UMExtensions.m */,
				D722264521A2578E00278111 /* NSDate+UMExtensions.h */,
				D722263A21A2578E00278111 /* NSDate+UMExtensions.m */,
				D722263821A2578E00278111 /* NSMutableArray+Extension.h */,
				D722263F21A2578E00278111 /* NSMutableArray+Extension.m */,
				0026C97B21AEE77D0025E89E /* NSMutableAttributedString+Extension.h */,
				0026C97C21AEE77D0025E89E /* NSMutableAttributedString+Extension.m */,
				D722263921A2578E00278111 /* NSString+UMExtensions.h */,
				D722265421A2578F00278111 /* NSString+UMExtensions.m */,
				D722264721A2578E00278111 /* UIBarButtonItem+ImageTitleItem.h */,
				D722264421A2578E00278111 /* UIBarButtonItem+ImageTitleItem.m */,
				D722264E21A2578F00278111 /* UILabel+Copy.h */,
				D722264D21A2578E00278111 /* UILabel+Copy.m */,
				D722263B21A2578E00278111 /* UILabel+label.h */,
				D722263721A2578E00278111 /* UILabel+label.m */,
				D722264621A2578E00278111 /* UITableViewCell+UMReusable.h */,
				D722264121A2578E00278111 /* UITableViewCell+UMReusable.m */,
				D722264221A2578E00278111 /* UITextView+Placeholder.h */,
				D722264C21A2578E00278111 /* UITextView+Placeholder.m */,
				D722265321A2578F00278111 /* UIView+Cornor.h */,
				D722263C21A2578E00278111 /* UIView+Cornor.m */,
				D722264F21A2578F00278111 /* UIView+Frame.h */,
				D722263621A2578E00278111 /* UIView+Frame.m */,
				D722265121A2578F00278111 /* UMTimeStamp.h */,
				D722264921A2578E00278111 /* UMTimeStamp.m */,
			);
			path = Category;
			sourceTree = "<group>";
		};
		D722252F21A254E200278111 /* Util */ = {
			isa = PBXGroup;
			children = (
				D7986B2121AF9DB400AA0BA3 /* Remind */,
				D798701A21B0EBB400AA0BA3 /* BaseLoading */,
				D7C218C721A41A6A009458C2 /* HTTPRequest */,
				D72225D721A254E200278111 /* PrefixHeader.pch */,
				D72225DC21A254E200278111 /* DefinePrefixHeader.pch */,
				0025DCEC21A3234300227A0E /* Base */,
				D722267321A29A7300278111 /* Main */,
			);
			path = Util;
			sourceTree = "<group>";
		};
		D722266B21A292E800278111 /* Home */ = {
			isa = PBXGroup;
			children = (
				D722266C21A293D700278111 /* HomeViewController.h */,
				D722266D21A293D700278111 /* HomeViewController.m */,
			);
			path = Home;
			sourceTree = "<group>";
		};
		D722266F21A293DF00278111 /* Me */ = {
			isa = PBXGroup;
			children = (
				D722267021A293F800278111 /* MeViewController.h */,
				D722267121A293F800278111 /* MeViewController.m */,
			);
			path = Me;
			sourceTree = "<group>";
		};
		D722267321A29A7300278111 /* Main */ = {
			isa = PBXGroup;
			children = (
				D722267521A29A8600278111 /* UIMainConstructor.h */,
				D722267421A29A8600278111 /* UIMainConstructor.m */,
			);
			path = Main;
			sourceTree = "<group>";
		};
		D7986B2121AF9DB400AA0BA3 /* Remind */ = {
			isa = PBXGroup;
			children = (
				D7986B2221AF9DDC00AA0BA3 /* BaseRemindView.h */,
				D7986B2321AF9DDC00AA0BA3 /* BaseRemindView.m */,
			);
			path = Remind;
			sourceTree = "<group>";
		};
		D798701A21B0EBB400AA0BA3 /* BaseLoading */ = {
			isa = PBXGroup;
			children = (
				D798701B21B0EBB400AA0BA3 /* BaseLoading.m */,
				D798701C21B0EBB400AA0BA3 /* BaseLoading.h */,
			);
			path = BaseLoading;
			sourceTree = "<group>";
		};
		D7C218C721A41A6A009458C2 /* HTTPRequest */ = {
			isa = PBXGroup;
			children = (
				D7C218C821A41A6A009458C2 /* HttpRequest.m */,
				D7C218C921A41A6A009458C2 /* HttpRequest.h */,
			);
			path = HTTPRequest;
			sourceTree = "<group>";
		};
/* End PBXGroup section */

/* Begin PBXNativeTarget section */
		D72224E421A253EA00278111 /* QICIFutures */ = {
			isa = PBXNativeTarget;
			buildConfigurationList = D72224FB21A253EC00278111 /* Build configuration list for PBXNativeTarget "QICIFutures" */;
			buildPhases = (
				5FD0100C22EC9D724DC61C52 /* [CP] Check Pods Manifest.lock */,
				D72224E121A253EA00278111 /* Sources */,
				D72224E221A253EA00278111 /* Frameworks */,
				D72224E321A253EA00278111 /* Resources */,
				70A98FB0A3B70A14CAF01CFD /* [CP] Copy Pods Resources */,
				D70987EF21EC7D2000409F5F /* Embed Frameworks */,
			);
			buildRules = (
			);
			dependencies = (
			);
			name = QICIFutures;
			productName = LiveOfBeiJing;
			productReference = D72224E521A253EA00278111 /* QICIFutures.app */;
			productType = "com.apple.product-type.application";
		};
/* End PBXNativeTarget section */

/* Begin PBXProject section */
		D72224DD21A253EA00278111 /* Project object */ = {
			isa = PBXProject;
			attributes = {
				LastUpgradeCheck = 1000;
				TargetAttributes = {
					D72224E421A253EA00278111 = {
						CreatedOnToolsVersion = 10.0;
						SystemCapabilities = {
							com.apple.BackgroundModes = {
								enabled = 1;
							};
							com.apple.Push = {
								enabled = 1;
							};
						};
					};
				};
			};
			buildConfigurationList = D72224E021A253EA00278111 /* Build configuration list for PBXProject "QICIFutures" */;
			compatibilityVersion = "Xcode 9.3";
			developmentRegion = en;
			hasScannedForEncodings = 0;
			knownRegions = (
				en,
				Base,
			);
			mainGroup = D72224DC21A253EA00278111;
			productRefGroup = D72224E621A253EA00278111 /* Products */;
			projectDirPath = "";
			projectRoot = "";
			targets = (
				D72224E421A253EA00278111 /* QICIFutures */,
			);
		};
/* End PBXProject section */

/* Begin PBXResourcesBuildPhase section */
		D72224E321A253EA00278111 /* Resources */ = {
			isa = PBXResourcesBuildPhase;
			buildActionMask = 2147483647;
			files = (
				D72224F521A253EC00278111 /* LaunchScreen.storyboard in Resources */,
				D72224F221A253EC00278111 /* Assets.xcassets in Resources */,
				D72224F021A253EB00278111 /* Main.storyboard in Resources */,
			);
			runOnlyForDeploymentPostprocessing = 0;
		};
/* End PBXResourcesBuildPhase section */

/* Begin PBXShellScriptBuildPhase section */
		5FD0100C22EC9D724DC61C52 /* [CP] Check Pods Manifest.lock */ = {
			isa = PBXShellScriptBuildPhase;
			buildActionMask = 2147483647;
			files = (
			);
			inputPaths = (
				"${PODS_PODFILE_DIR_PATH}/Podfile.lock",
				"${PODS_ROOT}/Manifest.lock",
			);
			name = "[CP] Check Pods Manifest.lock";
			outputPaths = (
				"$(DERIVED_FILE_DIR)/Pods-QCLC-checkManifestLockResult.txt",
			);
			runOnlyForDeploymentPostprocessing = 0;
			shellPath = /bin/sh;
			shellScript = "diff \"${PODS_PODFILE_DIR_PATH}/Podfile.lock\" \"${PODS_ROOT}/Manifest.lock\" > /dev/null\nif [ $? != 0 ] ; then\n    # print error to STDERR\n    echo \"error: The sandbox is not in sync with the Podfile.lock. Run 'pod install' or update your CocoaPods installation.\" >&2\n    exit 1\nfi\n# This output is used by Xcode 'outputs' to avoid re-running this script phase.\necho \"SUCCESS\" > \"${SCRIPT_OUTPUT_FILE_0}\"\n";
			showEnvVarsInLog = 0;
		};
		70A98FB0A3B70A14CAF01CFD /* [CP] Copy Pods Resources */ = {
			isa = PBXShellScriptBuildPhase;
			buildActionMask = 2147483647;
			files = (
			);
			inputPaths = (
				"${SRCROOT}/Pods/Target Support Files/Pods-QCLC/Pods-QCLC-resources.sh",
				"${PODS_ROOT}/IQKeyboardManager/IQKeyboardManager/Resources/IQKeyboardManager.bundle",
				"${PODS_ROOT}/MJRefresh/MJRefresh/MJRefresh.bundle",
				"${PODS_ROOT}/SFDraggableDialogView/SFDraggableDialogView/Resources/icArrow.png",
				"${PODS_ROOT}/SFDraggableDialogView/SFDraggableDialogView/Resources/icArrow@2x.png",
				"${PODS_ROOT}/SFDraggableDialogView/SFDraggableDialogView/Resources/icArrow@3x.png",
				"${PODS_ROOT}/SFDraggableDialogView/SFDraggableDialogView/Resources/icArrowTop.png",
				"${PODS_ROOT}/SFDraggableDialogView/SFDraggableDialogView/Resources/icArrowTop@2x.png",
				"${PODS_ROOT}/SFDraggableDialogView/SFDraggableDialogView/Resources/icArrowTop@3x.png",
				"${PODS_ROOT}/SFDraggableDialogView/SFDraggableDialogView/Resources/icCross@2x.png",
				"${PODS_ROOT}/SFDraggableDialogView/SFDraggableDialogView/SFDraggableDialogView.xib",
				"${PODS_ROOT}/SVProgressHUD/SVProgressHUD/SVProgressHUD.bundle",
				"${PODS_ROOT}/TZImagePickerController/TZImagePickerController/TZImagePickerController/TZImagePickerController.bundle",
			);
			name = "[CP] Copy Pods Resources";
			outputPaths = (
				"${TARGET_BUILD_DIR}/${UNLOCALIZED_RESOURCES_FOLDER_PATH}/IQKeyboardManager.bundle",
				"${TARGET_BUILD_DIR}/${UNLOCALIZED_RESOURCES_FOLDER_PATH}/MJRefresh.bundle",
				"${TARGET_BUILD_DIR}/${UNLOCALIZED_RESOURCES_FOLDER_PATH}/icArrow.png",
				"${TARGET_BUILD_DIR}/${UNLOCALIZED_RESOURCES_FOLDER_PATH}/icArrow@2x.png",
				"${TARGET_BUILD_DIR}/${UNLOCALIZED_RESOURCES_FOLDER_PATH}/icArrow@3x.png",
				"${TARGET_BUILD_DIR}/${UNLOCALIZED_RESOURCES_FOLDER_PATH}/icArrowTop.png",
				"${TARGET_BUILD_DIR}/${UNLOCALIZED_RESOURCES_FOLDER_PATH}/icArrowTop@2x.png",
				"${TARGET_BUILD_DIR}/${UNLOCALIZED_RESOURCES_FOLDER_PATH}/icArrowTop@3x.png",
				"${TARGET_BUILD_DIR}/${UNLOCALIZED_RESOURCES_FOLDER_PATH}/icCross@2x.png",
				"${TARGET_BUILD_DIR}/${UNLOCALIZED_RESOURCES_FOLDER_PATH}/SFDraggableDialogView.nib",
				"${TARGET_BUILD_DIR}/${UNLOCALIZED_RESOURCES_FOLDER_PATH}/SVProgressHUD.bundle",
				"${TARGET_BUILD_DIR}/${UNLOCALIZED_RESOURCES_FOLDER_PATH}/TZImagePickerController.bundle",
			);
			runOnlyForDeploymentPostprocessing = 0;
			shellPath = /bin/sh;
			shellScript = "\"${SRCROOT}/Pods/Target Support Files/Pods-QCLC/Pods-QCLC-resources.sh\"\n";
			showEnvVarsInLog = 0;
		};
/* End PBXShellScriptBuildPhase section */

/* Begin PBXSourcesBuildPhase section */
		D72224E121A253EA00278111 /* Sources */ = {
			isa = PBXSourcesBuildPhase;
			buildActionMask = 2147483647;
			files = (
				D722265921A2578F00278111 /* NoHighlightButton.m in Sources */,
				D722265821A2578F00278111 /* UIView+Cornor.m in Sources */,
				D722266E21A293D700278111 /* HomeViewController.m in Sources */,
				D722265B21A2578F00278111 /* UITableViewCell+UMReusable.m in Sources */,
				D722265E21A2578F00278111 /* UMTimeStamp.m in Sources */,
				D722266321A2578F00278111 /* NSData+UMExtensions.m in Sources */,
				0026C97D21AEE77D0025E89E /* NSMutableAttributedString+Extension.m in Sources */,
				D798701D21B0EBB400AA0BA3 /* BaseLoading.m in Sources */,
				001AF3F621A5AC7C0046E4DE /* BaseShowBarViewController.m in Sources */,
				D722267221A293F800278111 /* MeViewController.m in Sources */,
				0025DCEB21A314BE00227A0E /* AddViewController.m in Sources */,
				D70847FD21ACF79200EDCEA9 /* MainLoginViewController.m in Sources */,
				D72224F821A253EC00278111 /* main.m in Sources */,
				0025DCEF21A3238700227A0E /* BaseHiddenBarViewController.m in Sources */,
				D722265621A2578F00278111 /* UILabel+label.m in Sources */,
				D722266421A2578F00278111 /* NSString+UMExtensions.m in Sources */,
				D7986B2421AF9DDC00AA0BA3 /* BaseRemindView.m in Sources */,
				D722265721A2578F00278111 /* NSDate+UMExtensions.m in Sources */,
				D722265D21A2578F00278111 /* UIBarButtonItem+ImageTitleItem.m in Sources */,
				D722267621A29A8600278111 /* UIMainConstructor.m in Sources */,
				D722266121A2578F00278111 /* UILabel+Copy.m in Sources */,
				D722265C21A2578F00278111 /* FileCacheManager.m in Sources */,
				D722265521A2578F00278111 /* UIView+Frame.m in Sources */,
				0025DCE721A313F700227A0E /* CircleViewController.m in Sources */,
				D72224EA21A253EB00278111 /* AppDelegate.m in Sources */,
				D722265A21A2578F00278111 /* NSMutableArray+Extension.m in Sources */,
				D7C218CA21A41A6A009458C2 /* HttpRequest.m in Sources */,
				D7D8355A21B112ED000FE4DD /* FindViewController.m in Sources */,
				D722266021A2578F00278111 /* UITextView+Placeholder.m in Sources */,
			);
			runOnlyForDeploymentPostprocessing = 0;
		};
/* End PBXSourcesBuildPhase section */

/* Begin PBXVariantGroup section */
		D72224EE21A253EB00278111 /* Main.storyboard */ = {
			isa = PBXVariantGroup;
			children = (
				D72224EF21A253EB00278111 /* Base */,
			);
			name = Main.storyboard;
			sourceTree = "<group>";
		};
		D72224F321A253EC00278111 /* LaunchScreen.storyboard */ = {
			isa = PBXVariantGroup;
			children = (
				D72224F421A253EC00278111 /* Base */,
			);
			name = LaunchScreen.storyboard;
			sourceTree = "<group>";
		};
/* End PBXVariantGroup section */

/* Begin XCBuildConfiguration section */
		D72224F921A253EC00278111 /* Debug */ = {
			isa = XCBuildConfiguration;
			buildSettings = {
				ALWAYS_SEARCH_USER_PATHS = NO;
				CLANG_ANALYZER_NONNULL = YES;
				CLANG_ANALYZER_NUMBER_OBJECT_CONVERSION = YES_AGGRESSIVE;
				CLANG_CXX_LANGUAGE_STANDARD = "gnu++14";
				CLANG_CXX_LIBRARY = "libc++";
				CLANG_ENABLE_MODULES = YES;
				CLANG_ENABLE_OBJC_ARC = YES;
				CLANG_ENABLE_OBJC_WEAK = YES;
				CLANG_WARN_BLOCK_CAPTURE_AUTORELEASING = YES;
				CLANG_WARN_BOOL_CONVERSION = YES;
				CLANG_WARN_COMMA = YES;
				CLANG_WARN_CONSTANT_CONVERSION = YES;
				CLANG_WARN_DEPRECATED_OBJC_IMPLEMENTATIONS = YES;
				CLANG_WARN_DIRECT_OBJC_ISA_USAGE = YES_ERROR;
				CLANG_WARN_DOCUMENTATION_COMMENTS = YES;
				CLANG_WARN_EMPTY_BODY = YES;
				CLANG_WARN_ENUM_CONVERSION = YES;
				CLANG_WARN_INFINITE_RECURSION = YES;
				CLANG_WARN_INT_CONVERSION = YES;
				CLANG_WARN_NON_LITERAL_NULL_CONVERSION = YES;
				CLANG_WARN_OBJC_IMPLICIT_RETAIN_SELF = YES;
				CLANG_WARN_OBJC_LITERAL_CONVERSION = YES;
				CLANG_WARN_OBJC_ROOT_CLASS = YES_ERROR;
				CLANG_WARN_RANGE_LOOP_ANALYSIS = YES;
				CLANG_WARN_STRICT_PROTOTYPES = YES;
				CLANG_WARN_SUSPICIOUS_MOVE = YES;
				CLANG_WARN_UNGUARDED_AVAILABILITY = YES_AGGRESSIVE;
				CLANG_WARN_UNREACHABLE_CODE = YES;
				CLANG_WARN__DUPLICATE_METHOD_MATCH = YES;
				CODE_SIGN_IDENTITY = "iPhone Developer";
				COPY_PHASE_STRIP = NO;
				DEBUG_INFORMATION_FORMAT = dwarf;
				ENABLE_STRICT_OBJC_MSGSEND = YES;
				ENABLE_TESTABILITY = YES;
				GCC_C_LANGUAGE_STANDARD = gnu11;
				GCC_DYNAMIC_NO_PIC = NO;
				GCC_NO_COMMON_BLOCKS = YES;
				GCC_OPTIMIZATION_LEVEL = 0;
				GCC_PREPROCESSOR_DEFINITIONS = (
					"DEBUG=1",
					"$(inherited)",
				);
				GCC_WARN_64_TO_32_BIT_CONVERSION = YES;
				GCC_WARN_ABOUT_RETURN_TYPE = YES_ERROR;
				GCC_WARN_UNDECLARED_SELECTOR = YES;
				GCC_WARN_UNINITIALIZED_AUTOS = YES_AGGRESSIVE;
				GCC_WARN_UNUSED_FUNCTION = YES;
				GCC_WARN_UNUSED_VARIABLE = YES;
				IPHONEOS_DEPLOYMENT_TARGET = 12.0;
				MTL_ENABLE_DEBUG_INFO = INCLUDE_SOURCE;
				MTL_FAST_MATH = YES;
				ONLY_ACTIVE_ARCH = YES;
				SDKROOT = iphoneos;
			};
			name = Debug;
		};
		D72224FA21A253EC00278111 /* Release */ = {
			isa = XCBuildConfiguration;
			buildSettings = {
				ALWAYS_SEARCH_USER_PATHS = NO;
				CLANG_ANALYZER_NONNULL = YES;
				CLANG_ANALYZER_NUMBER_OBJECT_CONVERSION = YES_AGGRESSIVE;
				CLANG_CXX_LANGUAGE_STANDARD = "gnu++14";
				CLANG_CXX_LIBRARY = "libc++";
				CLANG_ENABLE_MODULES = YES;
				CLANG_ENABLE_OBJC_ARC = YES;
				CLANG_ENABLE_OBJC_WEAK = YES;
				CLANG_WARN_BLOCK_CAPTURE_AUTORELEASING = YES;
				CLANG_WARN_BOOL_CONVERSION = YES;
				CLANG_WARN_COMMA = YES;
				CLANG_WARN_CONSTANT_CONVERSION = YES;
				CLANG_WARN_DEPRECATED_OBJC_IMPLEMENTATIONS = YES;
				CLANG_WARN_DIRECT_OBJC_ISA_USAGE = YES_ERROR;
				CLANG_WARN_DOCUMENTATION_COMMENTS = YES;
				CLANG_WARN_EMPTY_BODY = YES;
				CLANG_WARN_ENUM_CONVERSION = YES;
				CLANG_WARN_INFINITE_RECURSION = YES;
				CLANG_WARN_INT_CONVERSION = YES;
				CLANG_WARN_NON_LITERAL_NULL_CONVERSION = YES;
				CLANG_WARN_OBJC_IMPLICIT_RETAIN_SELF = YES;
				CLANG_WARN_OBJC_LITERAL_CONVERSION = YES;
				CLANG_WARN_OBJC_ROOT_CLASS = YES_ERROR;
				CLANG_WARN_RANGE_LOOP_ANALYSIS = YES;
				CLANG_WARN_STRICT_PROTOTYPES = YES;
				CLANG_WARN_SUSPICIOUS_MOVE = YES;
				CLANG_WARN_UNGUARDED_AVAILABILITY = YES_AGGRESSIVE;
				CLANG_WARN_UNREACHABLE_CODE = YES;
				CLANG_WARN__DUPLICATE_METHOD_MATCH = YES;
				CODE_SIGN_IDENTITY = "iPhone Developer";
				COPY_PHASE_STRIP = NO;
				DEBUG_INFORMATION_FORMAT = "dwarf-with-dsym";
				ENABLE_NS_ASSERTIONS = NO;
				ENABLE_STRICT_OBJC_MSGSEND = YES;
				GCC_C_LANGUAGE_STANDARD = gnu11;
				GCC_NO_COMMON_BLOCKS = YES;
				GCC_WARN_64_TO_32_BIT_CONVERSION = YES;
				GCC_WARN_ABOUT_RETURN_TYPE = YES_ERROR;
				GCC_WARN_UNDECLARED_SELECTOR = YES;
				GCC_WARN_UNINITIALIZED_AUTOS = YES_AGGRESSIVE;
				GCC_WARN_UNUSED_FUNCTION = YES;
				GCC_WARN_UNUSED_VARIABLE = YES;
				IPHONEOS_DEPLOYMENT_TARGET = 12.0;
				MTL_ENABLE_DEBUG_INFO = NO;
				MTL_FAST_MATH = YES;
				SDKROOT = iphoneos;
				VALIDATE_PRODUCT = YES;
			};
			name = Release;
		};
		D72224FC21A253EC00278111 /* Debug */ = {
			isa = XCBuildConfiguration;
			baseConfigurationReference = D370694C41098CFC77EBD08C /* Pods-QCLC.debug.xcconfig */;
			buildSettings = {
				ASSETCATALOG_COMPILER_APPICON_NAME = AppIcon;
				ASSETCATALOG_COMPILER_LAUNCHIMAGE_NAME = LaunchImage;
				CODE_SIGN_ENTITLEMENTS = ENGLISH.entitlements;
				CODE_SIGN_IDENTITY = "iPhone Developer";
				CODE_SIGN_STYLE = Automatic;
				DEVELOPMENT_TEAM = MNJMV5H7P2;
				FRAMEWORK_SEARCH_PATHS = (
					"$(inherited)",
					"$(PROJECT_DIR)/LiveOfBeiJing/Other",
				);
				GCC_PREFIX_HEADER = "$(SRCROOT)/LiveOfBeiJing/Util/PrefixHeader.pch";
				INFOPLIST_FILE = LiveOfBeiJing/Info.plist;
				IPHONEOS_DEPLOYMENT_TARGET = 10.0;
				LD_RUNPATH_SEARCH_PATHS = (
					"$(inherited)",
					"@executable_path/Frameworks",
				);
				PRODUCT_BUNDLE_IDENTIFIER = com.menggudian.english;
				PRODUCT_NAME = "$(TARGET_NAME)";
				PROVISIONING_PROFILE_SPECIFIER = "";
				TARGETED_DEVICE_FAMILY = 1;
			};
			name = Debug;
		};
		D72224FD21A253EC00278111 /* Release */ = {
			isa = XCBuildConfiguration;
			baseConfigurationReference = 256C3D3D556D446AF8963A0D /* Pods-QCLC.release.xcconfig */;
			buildSettings = {
				ASSETCATALOG_COMPILER_APPICON_NAME = AppIcon;
				ASSETCATALOG_COMPILER_LAUNCHIMAGE_NAME = LaunchImage;
				CODE_SIGN_ENTITLEMENTS = ENGLISH.entitlements;
				CODE_SIGN_IDENTITY = "iPhone Developer";
				CODE_SIGN_STYLE = Automatic;
				DEVELOPMENT_TEAM = MNJMV5H7P2;
				FRAMEWORK_SEARCH_PATHS = (
					"$(inherited)",
					"$(PROJECT_DIR)/LiveOfBeiJing/Other",
				);
				GCC_PREFIX_HEADER = "$(SRCROOT)/LiveOfBeiJing/Util/PrefixHeader.pch";
				INFOPLIST_FILE = LiveOfBeiJing/Info.plist;
				IPHONEOS_DEPLOYMENT_TARGET = 10.0;
				LD_RUNPATH_SEARCH_PATHS = (
					"$(inherited)",
					"@executable_path/Frameworks",
				);
				PRODUCT_BUNDLE_IDENTIFIER = com.menggudian.english;
				PRODUCT_NAME = "$(TARGET_NAME)";
				PROVISIONING_PROFILE_SPECIFIER = "";
				TARGETED_DEVICE_FAMILY = 1;
			};
			name = Release;
		};
/* End XCBuildConfiguration section */

/* Begin XCConfigurationList section */
		D72224E021A253EA00278111 /* Build configuration list for PBXProject "QICIFutures" */ = {
			isa = XCConfigurationList;
			buildConfigurations = (
				D72224F921A253EC00278111 /* Debug */,
				D72224FA21A253EC00278111 /* Release */,
			);
			defaultConfigurationIsVisible = 0;
			defaultConfigurationName = Release;
		};
		D72224FB21A253EC00278111 /* Build configuration list for PBXNativeTarget "QICIFutures" */ = {
			isa = XCConfigurationList;
			buildConfigurations = (
				D72224FC21A253EC00278111 /* Debug */,
				D72224FD21A253EC00278111 /* Release */,
			);
			defaultConfigurationIsVisible = 0;
			defaultConfigurationName = Release;
		};
/* End XCConfigurationList section */
	};
	rootObject = D72224DD21A253EA00278111 /* Project object */;
}
